
Microsoft Visual Studio Solution File, Format Version 12.00
# Visual Studio Version 17
VisualStudioVersion = 17.12.35209.166
MinimumVisualStudioVersion = 10.0.40219.1
Project("{FAE04EC0-301F-11D3-BF4B-00C04F79EFBC}") = "TestDb", "TestDb\TestDb.csproj", "{BE1DBA17-6B51-44CC-8B51-D9E6501F2F85}"
EndProject
Global
	GlobalSection(SolutionConfigurationPlatforms) = preSolution
		Debug|Any CPU = Debug|Any CPU
		Release|Any CPU = Release|Any CPU
	EndGlobalSection
	GlobalSection(ProjectConfigurationPlatforms) = postSolution
		{BE1DBA17-6B51-44CC-8B51-D9E6501F2F85}.Debug|Any CPU.ActiveCfg = Debug|Any CPU
		{BE1DBA17-6B51-44CC-8B51-D9E6501F2F85}.Debug|Any CPU.Build.0 = Debug|Any CPU
		{BE1DBA17-6B51-44CC-8B51-D9E6501F2F85}.Release|Any CPU.ActiveCfg = Release|Any CPU
		{BE1DBA17-6B51-44CC-8B51-D9E6501F2F85}.Release|Any CPU.Build.0 = Release|Any CPU
	EndGlobalSection
	GlobalSection(SolutionProperties) = preSolution
		HideSolutionNode = FALSE
	EndGlobalSection
	GlobalSection(ExtensibilityGlobals) = postSolution
		SolutionGuid = {00E04607-2BEE-447E-A613-FEB81066AB45}
	EndGlobalSection
EndGlobal
